FORMAT_VERSION=1
CANDIDATE_ID=SIGMA_SURVIVAL_INTERNET_AUTOLEARN_R1
BASE_BRANCH=AIL_SIGMA
BASE_COMMIT=44cb72292496378c6ddbab96bf152cf7c1c76a50

SIGMAC_SHA256=65f69217ad44f33c1aa1d4c31678d38940cd3d0b96f41892e8280dac57ad6a71
VM_SHA256=029ae4b6acbee5558f7663a732f8d39a970166e8488d2c4fe62414eb39391c99
VM_IS_GENESIS1=NOT_PROVEN
SESSION_API_PATH=$HOME/SIGMA/sigma_genesis1/.sigma_ail/coordination/SESSION_R4/shell/sigma-session.bash
WEBTOOLS_DEPENDENCY_SHA256=e1116f2eb0c43976058f6b5d1af5c678f23a1be7fbb2ab66f966487a245332d0
PUBLIC_SUFFIX_LIST_SHA256=a26f7d7e334778ed69216cedb5451ef82031feba6615c12039783cdd94e1fcae

# AIL-019 exact native module identities. Bytes were verified historically in the old
# runtime artifact workspace but are not recreated by this candidate.
REUSED_CAPABILITY_ID_01=AIL-019_NATIVE_STORY_CAPABILITY_PLANNER
REUSED_SOURCE_PATH_01=RESOLVE_BY_SHA256_AT_PREFLIGHT
REUSED_SOURCE_SHA256_01=7bd99c3cb3416aeb7c65cf819c38a5d48baeefb4626205515562f905d8acb32c
REUSED_BYTECODE_SHA256_01=UNKNOWN_IF_NOT_PREBUILT
REUSED_CHECKPOINT_OR_COMMIT_01=AIL-019_DOCS_SIGMA_LATEST_VERIFIED_RESULT
DEPENDENCY_BYTES_IN_GITHUB_01=NO_VERIFIED_SOURCE_FILE_FOUND

REUSED_CAPABILITY_ID_02=AIL-019_NATIVE_STORY_CANDIDATE_SELECTOR
REUSED_SOURCE_PATH_02=RESOLVE_BY_SHA256_AT_PREFLIGHT
REUSED_SOURCE_SHA256_02=ca6b919f22a9dcabeea69e8c58fe830cc2f031a2371b75e04d0407d672736bc6
REUSED_BYTECODE_SHA256_02=UNKNOWN_IF_NOT_PREBUILT
REUSED_CHECKPOINT_OR_COMMIT_02=AIL-019_DOCS_SIGMA_LATEST_VERIFIED_RESULT
DEPENDENCY_BYTES_IN_GITHUB_02=NO_VERIFIED_SOURCE_FILE_FOUND

REUSED_CAPABILITY_ID_03=AIL-019_NATIVE_EXTRACTIVE_NARRATIVE_SUMMARIZER
REUSED_SOURCE_PATH_03=RESOLVE_BY_SHA256_AT_PREFLIGHT
REUSED_SOURCE_SHA256_03=3d6af8258723a0da49739beb729b08e83af8e04d2a0a023d2fbe715e320ef2e3
REUSED_BYTECODE_SHA256_03=UNKNOWN_IF_NOT_PREBUILT
REUSED_CHECKPOINT_OR_COMMIT_03=AIL-019_DOCS_SIGMA_LATEST_VERIFIED_RESULT
DEPENDENCY_BYTES_IN_GITHUB_03=NO_VERIFIED_SOURCE_FILE_FOUND
CLAIM_LIMIT_03=NATIVE_EXTRACTIVE_THREE_SPAN_NARRATIVE_DIGEST_ONLY

# Cross-branch exact evidence identities. These are provenance locks, not active bytes.
REUSED_CAPABILITY_ID_04=V10_NATIVE_REPLAN_TO_FRESH_INTERNET_LOOP
REUSED_SOURCE_PATH_04=RESOLVE_BY_SHA256_AT_PREFLIGHT
REUSED_SOURCE_SHA256_04=666a956112954ccb4d97b38fa62063358979f9196b71edd3aa0016bd70fa9644
REUSED_BYTECODE_SHA256_04=b1af11965e2e2480b0acb2496d6c36fac043332d6c743e20971d2134a8658cf5
REUSED_CHECKPOINT_OR_COMMIT_04=842e643be790e4e4e4f2b96554d768bdc6824a6d
DEPENDENCY_BYTES_IN_GITHUB_04=NO_VERIFIED_SOURCE_FILE_FOUND

REUSED_CAPABILITY_ID_05=V11_STRATEGY_CONDITIONED_QUERY_ADAPTER
REUSED_SOURCE_PATH_05=RESOLVE_BY_SHA256_AT_PREFLIGHT
REUSED_SOURCE_SHA256_05=82e25898da18059c3abee97c77529a137db4a33ae85fdd4c042e3ce7b7e14b3f
REUSED_BYTECODE_SHA256_05=40f6b83e55c5dff238b7fe4a9f208e6bfabec3c73a70e5b5c95b93941fa353f0
REUSED_CHECKPOINT_OR_COMMIT_05=dd34f2863ccf11d9ac48470eff80bb9dc42cc957
DEPENDENCY_BYTES_IN_GITHUB_05=NO_VERIFIED_SOURCE_FILE_FOUND

REUSED_CAPABILITY_ID_06=V12_QUERY_OUTCOME_FEEDBACK_CONTROLLER
REUSED_SOURCE_PATH_06=RESOLVE_BY_SHA256_AT_PREFLIGHT
REUSED_SOURCE_SHA256_06=9d2400931ed7a8e65e05552a85bff7df3589e59c971c9b0ad9cab1384969f688
REUSED_BYTECODE_SHA256_06=21078eec99958b7ba060b4495becd9b1f13aa932a3e691269f1091cc80755fbe
REUSED_CHECKPOINT_OR_COMMIT_06=4651fa05101fe2876e8b64ecae20ddbc3a51450e
DEPENDENCY_BYTES_IN_GITHUB_06=NO_VERIFIED_SOURCE_FILE_FOUND

REUSED_CAPABILITY_ID_07=I4_NATIVE_SOURCE_FAMILY_SELECTOR_FIX3
REUSED_SOURCE_PATH_07=RESOLVE_BY_SHA256_AT_PREFLIGHT
REUSED_SOURCE_SHA256_07=a13417668f1dc85e42d7f529306cdc09928ab45655d771d95c89d383b6fc7784
REUSED_BYTECODE_SHA256_07=UNKNOWN_NOT_IN_CHECKPOINT
REUSED_CHECKPOINT_OR_COMMIT_07=44d22362ce588b9be741ca7cd35e74a955eea354
DEPENDENCY_BYTES_IN_GITHUB_07=NO_VERIFIED_SOURCE_FILE_FOUND

REUSED_CAPABILITY_ID_08=I5B_NATIVE_WIKIPEDIA_CANDIDATE_SELECTOR
REUSED_SOURCE_PATH_08=UNKNOWN_NOT_IN_CHECKPOINT_RESOLVE_EXACT_BYTES_ONLY
REUSED_SOURCE_SHA256_08=UNKNOWN_NOT_IN_CHECKPOINT
REUSED_BYTECODE_SHA256_08=UNKNOWN_NOT_IN_CHECKPOINT
REUSED_CHECKPOINT_OR_COMMIT_08=86358984c29edb63988d413e3d85441c3409cf9b
DEPENDENCY_BYTES_IN_GITHUB_08=NO_VERIFIED_SOURCE_FILE_FOUND

REUSED_CAPABILITY_ID_09=I5C_WIKIPEDIA_EXACT_FETCH_BINDING
REUSED_SOURCE_PATH_09=UNKNOWN_NOT_IN_CHECKPOINT_RESOLVE_EXACT_BYTES_ONLY
REUSED_SOURCE_SHA256_09=UNKNOWN_NOT_IN_CHECKPOINT
REUSED_BYTECODE_SHA256_09=UNKNOWN_NOT_IN_CHECKPOINT
REUSED_CHECKPOINT_OR_COMMIT_09=c26a858a16fa8b5f8ab011908591661b24bd44d8
DEPENDENCY_BYTES_IN_GITHUB_09=NO_VERIFIED_SOURCE_FILE_FOUND

UNRESOLVED_DEPENDENCY_POLICY=HOLD_DO_NOT_RECREATE_COGNITION_FROM_PROSE
GENERAL_ARBITRARY_WEBSITE_NATIVE_SELECTION=NOT_PROVEN_BY_THESE_DEPENDENCIES
NATIVE_ABSTRACTIVE_CONDENSER=DEPENDENCY_MISSING_NOT_PROVEN
